PODS:
  - Flutter (1.0.0)
  - mute_pattern_plugin (0.0.1):
    - Flutter

DEPENDENCIES:
  - Flutter (from `Flutter`)
  - mute_pattern_plugin (from `.symlinks/plugins/mute_pattern_plugin/ios`)

EXTERNAL SOURCES:
  Flutter:
    :path: Flutter
  mute_pattern_plugin:
    :path: ".symlinks/plugins/mute_pattern_plugin/ios"

SPEC CHECKSUMS:
  Flutter: 50d75fe2f02b26cc09d224853bb45737f8b3214a
  mute_pattern_plugin: ea4fa7a32e68c1cf1c8a595d3c3779ee00798ce9

PODFILE CHECKSUM: 8e679eca47255a8ca8067c4c67aab20e64cb974d

COCOAPODS: 1.11.3
